
Microsoft Visual Studio Solution File, Format Version 12.00
# Visual Studio Version 17
VisualStudioVersion = 17.8.34316.72
MinimumVisualStudioVersion = 10.0.40219.1
Project("{FAE04EC0-301F-11D3-BF4B-00C04F79EFBC}") = "backend", "backend\backend.csproj", "{2F998587-0CA2-456C-8C1B-0CF41827FAF8}"
EndProject
Global
	GlobalSection(SolutionConfigurationPlatforms) = preSolution
		Debug|Any CPU = Debug|Any CPU
		Release|Any CPU = Release|Any CPU
	EndGlobalSection
	GlobalSection(ProjectConfigurationPlatforms) = postSolution
		{2F998587-0CA2-456C-8C1B-0CF41827FAF8}.Debug|Any CPU.ActiveCfg = Debug|Any CPU
		{2F998587-0CA2-456C-8C1B-0CF41827FAF8}.Debug|Any CPU.Build.0 = Debug|Any CPU
		{2F998587-0CA2-456C-8C1B-0CF41827FAF8}.Release|Any CPU.ActiveCfg = Release|Any CPU
		{2F998587-0CA2-456C-8C1B-0CF41827FAF8}.Release|Any CPU.Build.0 = Release|Any CPU
	EndGlobalSection
	GlobalSection(SolutionProperties) = preSolution
		HideSolutionNode = FALSE
	EndGlobalSection
	GlobalSection(ExtensibilityGlobals) = postSolution
		SolutionGuid = {4F420167-9BCD-488C-9E60-FF1BD3CFC5AE}
	EndGlobalSection
EndGlobal
